# This file is generated by running "yarn install" inside your project.
# Manual changes might be lost - proceed with caution!

__metadata:
  version: 8
  cacheKey: 10c0

"react-native-face-detection@npm:^0.1.1":
  version: 0.1.1
  resolution: "react-native-face-detection@npm:0.1.1"
  peerDependencies:
    react: "*"
    react-native: "*"
  checksum: 10c0/0fb33796324fcb9a4165c68eab8383cc897db7d3aeaf5b6b45ee331623c37fd18b8cd542148e0ddea54084f353b7056ce3f1f4e3db9be88f2646efc1f654603d
  languageName: node
  linkType: hard

"root-workspace-0b6124@workspace:.":
  version: 0.0.0-use.local
  resolution: "root-workspace-0b6124@workspace:."
  dependencies:
    react-native-face-detection: "npm:^0.1.1"
  languageName: unknown
  linkType: soft
